
Microsoft Visual Studio Solution File, Format Version 12.00
# Visual Studio 15
VisualStudioVersion = 15.0.28307.1000
MinimumVisualStudioVersion = 10.0.40219.1
Project("{FAE04EC0-301F-11D3-BF4B-00C04F79EFBC}") = "TextAdventuring", "TextAdventuring.csproj", "{F2B95B4C-A136-4168-8F4B-8CFDD662E4E0}"
EndProject
Global
	GlobalSection(SolutionConfigurationPlatforms) = preSolution
		Debug|Any CPU = Debug|Any CPU
		Release|Any CPU = Release|Any CPU
	EndGlobalSection
	GlobalSection(ProjectConfigurationPlatforms) = postSolution
		{F2B95B4C-A136-4168-8F4B-8CFDD662E4E0}.Debug|Any CPU.ActiveCfg = Debug|Any CPU
		{F2B95B4C-A136-4168-8F4B-8CFDD662E4E0}.Debug|Any CPU.Build.0 = Debug|Any CPU
		{F2B95B4C-A136-4168-8F4B-8CFDD662E4E0}.Release|Any CPU.ActiveCfg = Release|Any CPU
		{F2B95B4C-A136-4168-8F4B-8CFDD662E4E0}.Release|Any CPU.Build.0 = Release|Any CPU
	EndGlobalSection
	GlobalSection(SolutionProperties) = preSolution
		HideSolutionNode = FALSE
	EndGlobalSection
	GlobalSection(ExtensibilityGlobals) = postSolution
		SolutionGuid = {2C7E5E11-B12A-4A6A-A791-B94664267F1E}
	EndGlobalSection
EndGlobal
